
Microsoft Visual Studio Solution File, Format Version 12.00
# Visual Studio Version 17
VisualStudioVersion = 17.8.34330.188
MinimumVisualStudioVersion = 10.0.40219.1
Project("{FAE04EC0-301F-11D3-BF4B-00C04F79EFBC}") = "For", "For\For.csproj", "{0AF8D2CF-614D-4C5C-81FD-49AE6F11A1DC}"
EndProject
Project("{FAE04EC0-301F-11D3-BF4B-00C04F79EFBC}") = "DoWhile", "DoWhile\DoWhile.csproj", "{A9BDEF56-4C06-4D74-9315-A04563783AE9}"
EndProject
Project("{FAE04EC0-301F-11D3-BF4B-00C04F79EFBC}") = "While", "While\While.csproj", "{7D97B154-7C86-4C5F-8738-9501B2893E2F}"
EndProject
Global
	GlobalSection(SolutionConfigurationPlatforms) = preSolution
		Debug|Any CPU = Debug|Any CPU
		Release|Any CPU = Release|Any CPU
	EndGlobalSection
	GlobalSection(ProjectConfigurationPlatforms) = postSolution
		{0AF8D2CF-614D-4C5C-81FD-49AE6F11A1DC}.Debug|Any CPU.ActiveCfg = Debug|Any CPU
		{0AF8D2CF-614D-4C5C-81FD-49AE6F11A1DC}.Debug|Any CPU.Build.0 = Debug|Any CPU
		{0AF8D2CF-614D-4C5C-81FD-49AE6F11A1DC}.Release|Any CPU.ActiveCfg = Release|Any CPU
		{0AF8D2CF-614D-4C5C-81FD-49AE6F11A1DC}.Release|Any CPU.Build.0 = Release|Any CPU
		{A9BDEF56-4C06-4D74-9315-A04563783AE9}.Debug|Any CPU.ActiveCfg = Debug|Any CPU
		{A9BDEF56-4C06-4D74-9315-A04563783AE9}.Debug|Any CPU.Build.0 = Debug|Any CPU
		{A9BDEF56-4C06-4D74-9315-A04563783AE9}.Release|Any CPU.ActiveCfg = Release|Any CPU
		{A9BDEF56-4C06-4D74-9315-A04563783AE9}.Release|Any CPU.Build.0 = Release|Any CPU
		{7D97B154-7C86-4C5F-8738-9501B2893E2F}.Debug|Any CPU.ActiveCfg = Debug|Any CPU
		{7D97B154-7C86-4C5F-8738-9501B2893E2F}.Debug|Any CPU.Build.0 = Debug|Any CPU
		{7D97B154-7C86-4C5F-8738-9501B2893E2F}.Release|Any CPU.ActiveCfg = Release|Any CPU
		{7D97B154-7C86-4C5F-8738-9501B2893E2F}.Release|Any CPU.Build.0 = Release|Any CPU
	EndGlobalSection
	GlobalSection(SolutionProperties) = preSolution
		HideSolutionNode = FALSE
	EndGlobalSection
	GlobalSection(ExtensibilityGlobals) = postSolution
		SolutionGuid = {4EC58B34-B2F4-4AF5-BED1-8C38E9193E74}
	EndGlobalSection
EndGlobal
